
Microsoft Visual Studio Solution File, Format Version 12.00
# Visual Studio 15
Project("{FAE04EC0-301F-11D3-BF4B-00C04F79EFBC}") = "MYRPG", "MYRPG.csproj", "{59DE8057-6665-8192-2BF7-FBD89E291055}"
EndProject
Global
	GlobalSection(SolutionConfigurationPlatforms) = preSolution
		Debug|Any CPU = Debug|Any CPU
		Release|Any CPU = Release|Any CPU
	EndGlobalSection
	GlobalSection(ProjectConfigurationPlatforms) = postSolution
		{59DE8057-6665-8192-2BF7-FBD89E291055}.Debug|Any CPU.ActiveCfg = Debug|Any CPU
		{59DE8057-6665-8192-2BF7-FBD89E291055}.Debug|Any CPU.Build.0 = Debug|Any CPU
		{59DE8057-6665-8192-2BF7-FBD89E291055}.Release|Any CPU.ActiveCfg = Release|Any CPU
		{59DE8057-6665-8192-2BF7-FBD89E291055}.Release|Any CPU.Build.0 = Release|Any CPU
	EndGlobalSection
	GlobalSection(SolutionProperties) = preSolution
		HideSolutionNode = FALSE
	EndGlobalSection
EndGlobal
